
Microsoft Visual Studio Solution File, Format Version 12.00
# Visual Studio Version 17
VisualStudioVersion = 17.9.34622.214
MinimumVisualStudioVersion = 10.0.40219.1
Project("{FAE04EC0-301F-11D3-BF4B-00C04F79EFBC}") = "13.03", "13.03.csproj", "{96117B31-A44F-4E54-BA76-E67625E770BC}"
EndProject
Global
	GlobalSection(SolutionConfigurationPlatforms) = preSolution
		Debug|Any CPU = Debug|Any CPU
		Release|Any CPU = Release|Any CPU
	EndGlobalSection
	GlobalSection(ProjectConfigurationPlatforms) = postSolution
		{96117B31-A44F-4E54-BA76-E67625E770BC}.Debug|Any CPU.ActiveCfg = Debug|Any CPU
		{96117B31-A44F-4E54-BA76-E67625E770BC}.Debug|Any CPU.Build.0 = Debug|Any CPU
		{96117B31-A44F-4E54-BA76-E67625E770BC}.Release|Any CPU.ActiveCfg = Release|Any CPU
		{96117B31-A44F-4E54-BA76-E67625E770BC}.Release|Any CPU.Build.0 = Release|Any CPU
	EndGlobalSection
	GlobalSection(SolutionProperties) = preSolution
		HideSolutionNode = FALSE
	EndGlobalSection
	GlobalSection(ExtensibilityGlobals) = postSolution
		SolutionGuid = {7EAD0F16-8E80-4A5F-9932-E0267238340A}
	EndGlobalSection
EndGlobal
